
Microsoft Visual Studio Solution File, Format Version 12.00
# Visual Studio Version 17
VisualStudioVersion = 17.13.35806.99 d17.13
MinimumVisualStudioVersion = 10.0.40219.1
Project("{FAE04EC0-301F-11D3-BF4B-00C04F79EFBC}") = "TaskFlowProj", "TaskFlowProj.csproj", "{70EC84D8-F1B9-4D5B-B7FA-2B050BBD78EF}"
EndProject
Global
	GlobalSection(SolutionConfigurationPlatforms) = preSolution
		Debug|Any CPU = Debug|Any CPU
		Release|Any CPU = Release|Any CPU
	EndGlobalSection
	GlobalSection(ProjectConfigurationPlatforms) = postSolution
		{70EC84D8-F1B9-4D5B-B7FA-2B050BBD78EF}.Debug|Any CPU.ActiveCfg = Debug|Any CPU
		{70EC84D8-F1B9-4D5B-B7FA-2B050BBD78EF}.Debug|Any CPU.Build.0 = Debug|Any CPU
		{70EC84D8-F1B9-4D5B-B7FA-2B050BBD78EF}.Release|Any CPU.ActiveCfg = Release|Any CPU
		{70EC84D8-F1B9-4D5B-B7FA-2B050BBD78EF}.Release|Any CPU.Build.0 = Release|Any CPU
	EndGlobalSection
	GlobalSection(SolutionProperties) = preSolution
		HideSolutionNode = FALSE
	EndGlobalSection
	GlobalSection(ExtensibilityGlobals) = postSolution
		SolutionGuid = {00982AC7-93E1-490D-808F-72FD1A9B7F32}
	EndGlobalSection
EndGlobal
